
Microsoft Visual Studio Solution File, Format Version 12.00
# Visual Studio Version 17
VisualStudioVersion = 17.7.34024.191
MinimumVisualStudioVersion = 10.0.40219.1
Project("{2150E333-8FDC-42A3-9474-1A3956D46DE8}") = "src", "src", "{2068B706-2346-4EA9-8D43-4602905E4131}"
EndProject
Project("{2150E333-8FDC-42A3-9474-1A3956D46DE8}") = "Services", "Services", "{A7B1A2A0-8EC4-4BD6-9E22-DD228A7E718B}"
EndProject
Project("{2150E333-8FDC-42A3-9474-1A3956D46DE8}") = "Systems", "Systems", "{12982C0F-DDF5-49DC-896A-092A36F533A5}"
EndProject
Project("{2150E333-8FDC-42A3-9474-1A3956D46DE8}") = "Data", "Data", "{0EA3813A-2CCD-4F43-9E1C-60B5C9EC7176}"
EndProject
Project("{2150E333-8FDC-42A3-9474-1A3956D46DE8}") = "Shared", "Shared", "{90BE39A2-8842-475F-82CC-94644B1D2FB5}"
EndProject
Project("{2150E333-8FDC-42A3-9474-1A3956D46DE8}") = "Test", "Test", "{62776650-3703-48C2-9DB8-7E1AE4788CDF}"
EndProject
Project("{2150E333-8FDC-42A3-9474-1A3956D46DE8}") = "Api", "Api", "{6105A604-D070-4D18-AED6-0D5FD03DD2C9}"
EndProject
Project("{2150E333-8FDC-42A3-9474-1A3956D46DE8}") = "Web", "Web", "{394BAF39-FE30-4521-8E25-4A7FF87EE604}"
EndProject
Project("{2150E333-8FDC-42A3-9474-1A3956D46DE8}") = "Worker", "Worker", "{A5E9C5F4-5C27-4DDF-AE22-3446875190DA}"
EndProject
Project("{9A19103F-16F7-4668-BE54-9A1E7A4F7556}") = "WaveChat.Worker", "src\Systems\Worker\WaveChat.Worker\WaveChat.Worker.csproj", "{EF7A0864-EFD1-4FAB-92B2-71549FA8C655}"
EndProject
Project("{9A19103F-16F7-4668-BE54-9A1E7A4F7556}") = "WaveChat.Common", "src\Shared\WaveChat.Common.csproj", "{79D4782B-9CFF-44A3-BFC7-3D408DF1FF40}"
EndProject
Project("{9A19103F-16F7-4668-BE54-9A1E7A4F7556}") = "WaveChat.Services.Logger", "src\Services\WaveChat.Services.Logger\WaveChat.Services.Logger.csproj", "{B7CB3768-B527-4547-9917-4E04ED756335}"
EndProject
Project("{9A19103F-16F7-4668-BE54-9A1E7A4F7556}") = "WaveChat.Services.Settings", "src\Services\WaveChat.Services.Settings\WaveChat.Services.Settings.csproj", "{0004CA29-2057-46BD-A41E-179CA5549466}"
EndProject
Project("{9A19103F-16F7-4668-BE54-9A1E7A4F7556}") = "WaveChat.Context.Entities", "src\Data\WaveChat.Context.Entities\WaveChat.Context.Entities.csproj", "{2CC9BECE-1D21-4D14-B50A-E76569398F1A}"
EndProject
Project("{9A19103F-16F7-4668-BE54-9A1E7A4F7556}") = "WaveChat.Context", "src\Data\Contex\WaveChat.Context\WaveChat.Context.csproj", "{0B656067-ECE7-4DF4-860B-4D8C18782F88}"
EndProject
Project("{9A19103F-16F7-4668-BE54-9A1E7A4F7556}") = "WaveChat.Authorization", "src\Systems\Api\WaveChat.Authorization\WaveChat.Authorization.csproj", "{507B57DB-D638-4842-9916-63580C838446}"
EndProject
Project("{2150E333-8FDC-42A3-9474-1A3956D46DE8}") = "Элементы решения", "Элементы решения", "{06D6F612-E29C-467B-A2DD-DF5C6EE525D5}"
	ProjectSection(SolutionItems) = preProject
		docker-compose.yaml = docker-compose.yaml
	EndProjectSection
EndProject
Project("{2150E333-8FDC-42A3-9474-1A3956D46DE8}") = "Migrations", "Migrations", "{4591EE5D-1F29-40A1-A340-2B9535EA36B1}"
EndProject
Project("{9A19103F-16F7-4668-BE54-9A1E7A4F7556}") = "WaveChat.Context.Migrations.MSSQL", "src\Data\Migrations\WaveChat.Context.Migrations.MSSQL\WaveChat.Context.Migrations.MSSQL.csproj", "{0B1F2BE6-BD3D-4E3D-BBB9-7728FC882C1A}"
EndProject
Project("{9A19103F-16F7-4668-BE54-9A1E7A4F7556}") = "WaveChat.Context.Migrations.PgSql", "src\Data\Migrations\WaveChat.Context.Migrations.PgSql\WaveChat.Context.Migrations.PgSql.csproj", "{95AD606D-C2A6-499E-8438-8600D844D7FD}"
EndProject
Project("{9A19103F-16F7-4668-BE54-9A1E7A4F7556}") = "WaveChat.Context.Migrations.MySql", "src\Data\Migrations\WaveChat.Context.Migrations.MySql\WaveChat.Context.Migrations.MySql.csproj", "{50BDF5A3-B10B-4DC5-B2CE-48F4098A3B07}"
EndProject
Project("{9A19103F-16F7-4668-BE54-9A1E7A4F7556}") = "WaveChat.Context.Seeder", "src\Data\WaveChat.Context.Seeder\WaveChat.Context.Seeder.csproj", "{67EDF508-7E1C-46BC-A733-E1CB73578315}"
EndProject
Project("{9A19103F-16F7-4668-BE54-9A1E7A4F7556}") = "WaveChat.Services.Authorization", "src\Services\WaveChat.Services.Authorization\WaveChat.Services.Authorization.csproj", "{84881F3E-A53B-4D44-BBB8-2AB8BC4D8D8D}"
EndProject
Project("{9A19103F-16F7-4668-BE54-9A1E7A4F7556}") = "WaveChat.Storage", "src\Systems\Api\WaveChat.Storage\WaveChat.Storage.csproj", "{38372230-2F10-49DF-AD0C-602A4828C461}"
EndProject
Project("{9A19103F-16F7-4668-BE54-9A1E7A4F7556}") = "WaveChat.Services.Storage", "src\Services\WaveChat.Services.Storage\WaveChat.Services.Storage.csproj", "{7221FD23-B58E-4A76-B56D-1D0C4CCB4219}"
EndProject
Project("{9A19103F-16F7-4668-BE54-9A1E7A4F7556}") = "WaveChat.Account", "src\Systems\Api\WaveChat.Account\WaveChat.Account.csproj", "{8A8EA46C-99CE-4FC1-8ABF-F1119385CC09}"
EndProject
Project("{9A19103F-16F7-4668-BE54-9A1E7A4F7556}") = "WaveChat.Services.Account", "src\Services\WaveChat.Services.Account\WaveChat.Services.Account.csproj", "{7E8B8979-E8C3-480F-9F64-24E07406F29D}"
EndProject
Project("{9A19103F-16F7-4668-BE54-9A1E7A4F7556}") = "WaveChat.Message", "src\Systems\Api\WaveChat.Message\WaveChat.Message.csproj", "{ADCEA828-6945-4761-ACFC-B7A36BDF29D9}"
EndProject
Project("{9A19103F-16F7-4668-BE54-9A1E7A4F7556}") = "WaveChat.Services.Message", "src\Services\WaveChat.Services.Message\WaveChat.Services.Message.csproj", "{14BBD111-E209-4602-BC63-670FFDEC9461}"
EndProject
Global
	GlobalSection(SolutionConfigurationPlatforms) = preSolution
		Debug|Any CPU = Debug|Any CPU
		Release|Any CPU = Release|Any CPU
	EndGlobalSection
	GlobalSection(ProjectConfigurationPlatforms) = postSolution
		{EF7A0864-EFD1-4FAB-92B2-71549FA8C655}.Debug|Any CPU.ActiveCfg = Debug|Any CPU
		{EF7A0864-EFD1-4FAB-92B2-71549FA8C655}.Debug|Any CPU.Build.0 = Debug|Any CPU
		{EF7A0864-EFD1-4FAB-92B2-71549FA8C655}.Release|Any CPU.ActiveCfg = Release|Any CPU
		{EF7A0864-EFD1-4FAB-92B2-71549FA8C655}.Release|Any CPU.Build.0 = Release|Any CPU
		{79D4782B-9CFF-44A3-BFC7-3D408DF1FF40}.Debug|Any CPU.ActiveCfg = Debug|Any CPU
		{79D4782B-9CFF-44A3-BFC7-3D408DF1FF40}.Debug|Any CPU.Build.0 = Debug|Any CPU
		{79D4782B-9CFF-44A3-BFC7-3D408DF1FF40}.Release|Any CPU.ActiveCfg = Release|Any CPU
		{79D4782B-9CFF-44A3-BFC7-3D408DF1FF40}.Release|Any CPU.Build.0 = Release|Any CPU
		{B7CB3768-B527-4547-9917-4E04ED756335}.Debug|Any CPU.ActiveCfg = Debug|Any CPU
		{B7CB3768-B527-4547-9917-4E04ED756335}.Debug|Any CPU.Build.0 = Debug|Any CPU
		{B7CB3768-B527-4547-9917-4E04ED756335}.Release|Any CPU.ActiveCfg = Release|Any CPU
		{B7CB3768-B527-4547-9917-4E04ED756335}.Release|Any CPU.Build.0 = Release|Any CPU
		{0004CA29-2057-46BD-A41E-179CA5549466}.Debug|Any CPU.ActiveCfg = Debug|Any CPU
		{0004CA29-2057-46BD-A41E-179CA5549466}.Debug|Any CPU.Build.0 = Debug|Any CPU
		{0004CA29-2057-46BD-A41E-179CA5549466}.Release|Any CPU.ActiveCfg = Release|Any CPU
		{0004CA29-2057-46BD-A41E-179CA5549466}.Release|Any CPU.Build.0 = Release|Any CPU
		{2CC9BECE-1D21-4D14-B50A-E76569398F1A}.Debug|Any CPU.ActiveCfg = Debug|Any CPU
		{2CC9BECE-1D21-4D14-B50A-E76569398F1A}.Debug|Any CPU.Build.0 = Debug|Any CPU
		{2CC9BECE-1D21-4D14-B50A-E76569398F1A}.Release|Any CPU.ActiveCfg = Release|Any CPU
		{2CC9BECE-1D21-4D14-B50A-E76569398F1A}.Release|Any CPU.Build.0 = Release|Any CPU
		{0B656067-ECE7-4DF4-860B-4D8C18782F88}.Debug|Any CPU.ActiveCfg = Debug|Any CPU
		{0B656067-ECE7-4DF4-860B-4D8C18782F88}.Debug|Any CPU.Build.0 = Debug|Any CPU
		{0B656067-ECE7-4DF4-860B-4D8C18782F88}.Release|Any CPU.ActiveCfg = Release|Any CPU
		{0B656067-ECE7-4DF4-860B-4D8C18782F88}.Release|Any CPU.Build.0 = Release|Any CPU
		{507B57DB-D638-4842-9916-63580C838446}.Debug|Any CPU.ActiveCfg = Debug|Any CPU
		{507B57DB-D638-4842-9916-63580C838446}.Debug|Any CPU.Build.0 = Debug|Any CPU
		{507B57DB-D638-4842-9916-63580C838446}.Release|Any CPU.ActiveCfg = Release|Any CPU
		{507B57DB-D638-4842-9916-63580C838446}.Release|Any CPU.Build.0 = Release|Any CPU
		{0B1F2BE6-BD3D-4E3D-BBB9-7728FC882C1A}.Debug|Any CPU.ActiveCfg = Debug|Any CPU
		{0B1F2BE6-BD3D-4E3D-BBB9-7728FC882C1A}.Debug|Any CPU.Build.0 = Debug|Any CPU
		{0B1F2BE6-BD3D-4E3D-BBB9-7728FC882C1A}.Release|Any CPU.ActiveCfg = Release|Any CPU
		{0B1F2BE6-BD3D-4E3D-BBB9-7728FC882C1A}.Release|Any CPU.Build.0 = Release|Any CPU
		{95AD606D-C2A6-499E-8438-8600D844D7FD}.Debug|Any CPU.ActiveCfg = Debug|Any CPU
		{95AD606D-C2A6-499E-8438-8600D844D7FD}.Debug|Any CPU.Build.0 = Debug|Any CPU
		{95AD606D-C2A6-499E-8438-8600D844D7FD}.Release|Any CPU.ActiveCfg = Release|Any CPU
		{95AD606D-C2A6-499E-8438-8600D844D7FD}.Release|Any CPU.Build.0 = Release|Any CPU
		{50BDF5A3-B10B-4DC5-B2CE-48F4098A3B07}.Debug|Any CPU.ActiveCfg = Debug|Any CPU
		{50BDF5A3-B10B-4DC5-B2CE-48F4098A3B07}.Debug|Any CPU.Build.0 = Debug|Any CPU
		{50BDF5A3-B10B-4DC5-B2CE-48F4098A3B07}.Release|Any CPU.ActiveCfg = Release|Any CPU
		{50BDF5A3-B10B-4DC5-B2CE-48F4098A3B07}.Release|Any CPU.Build.0 = Release|Any CPU
		{67EDF508-7E1C-46BC-A733-E1CB73578315}.Debug|Any CPU.ActiveCfg = Debug|Any CPU
		{67EDF508-7E1C-46BC-A733-E1CB73578315}.Debug|Any CPU.Build.0 = Debug|Any CPU
		{67EDF508-7E1C-46BC-A733-E1CB73578315}.Release|Any CPU.ActiveCfg = Release|Any CPU
		{67EDF508-7E1C-46BC-A733-E1CB73578315}.Release|Any CPU.Build.0 = Release|Any CPU
		{84881F3E-A53B-4D44-BBB8-2AB8BC4D8D8D}.Debug|Any CPU.ActiveCfg = Debug|Any CPU
		{84881F3E-A53B-4D44-BBB8-2AB8BC4D8D8D}.Debug|Any CPU.Build.0 = Debug|Any CPU
		{84881F3E-A53B-4D44-BBB8-2AB8BC4D8D8D}.Release|Any CPU.ActiveCfg = Release|Any CPU
		{84881F3E-A53B-4D44-BBB8-2AB8BC4D8D8D}.Release|Any CPU.Build.0 = Release|Any CPU
		{38372230-2F10-49DF-AD0C-602A4828C461}.Debug|Any CPU.ActiveCfg = Debug|Any CPU
		{38372230-2F10-49DF-AD0C-602A4828C461}.Debug|Any CPU.Build.0 = Debug|Any CPU
		{38372230-2F10-49DF-AD0C-602A4828C461}.Release|Any CPU.ActiveCfg = Release|Any CPU
		{38372230-2F10-49DF-AD0C-602A4828C461}.Release|Any CPU.Build.0 = Release|Any CPU
		{7221FD23-B58E-4A76-B56D-1D0C4CCB4219}.Debug|Any CPU.ActiveCfg = Debug|Any CPU
		{7221FD23-B58E-4A76-B56D-1D0C4CCB4219}.Debug|Any CPU.Build.0 = Debug|Any CPU
		{7221FD23-B58E-4A76-B56D-1D0C4CCB4219}.Release|Any CPU.ActiveCfg = Release|Any CPU
		{7221FD23-B58E-4A76-B56D-1D0C4CCB4219}.Release|Any CPU.Build.0 = Release|Any CPU
		{8A8EA46C-99CE-4FC1-8ABF-F1119385CC09}.Debug|Any CPU.ActiveCfg = Debug|Any CPU
		{8A8EA46C-99CE-4FC1-8ABF-F1119385CC09}.Debug|Any CPU.Build.0 = Debug|Any CPU
		{8A8EA46C-99CE-4FC1-8ABF-F1119385CC09}.Release|Any CPU.ActiveCfg = Release|Any CPU
		{8A8EA46C-99CE-4FC1-8ABF-F1119385CC09}.Release|Any CPU.Build.0 = Release|Any CPU
		{7E8B8979-E8C3-480F-9F64-24E07406F29D}.Debug|Any CPU.ActiveCfg = Debug|Any CPU
		{7E8B8979-E8C3-480F-9F64-24E07406F29D}.Debug|Any CPU.Build.0 = Debug|Any CPU
		{7E8B8979-E8C3-480F-9F64-24E07406F29D}.Release|Any CPU.ActiveCfg = Release|Any CPU
		{7E8B8979-E8C3-480F-9F64-24E07406F29D}.Release|Any CPU.Build.0 = Release|Any CPU
		{ADCEA828-6945-4761-ACFC-B7A36BDF29D9}.Debug|Any CPU.ActiveCfg = Debug|Any CPU
		{ADCEA828-6945-4761-ACFC-B7A36BDF29D9}.Debug|Any CPU.Build.0 = Debug|Any CPU
		{ADCEA828-6945-4761-ACFC-B7A36BDF29D9}.Release|Any CPU.ActiveCfg = Release|Any CPU
		{ADCEA828-6945-4761-ACFC-B7A36BDF29D9}.Release|Any CPU.Build.0 = Release|Any CPU
		{14BBD111-E209-4602-BC63-670FFDEC9461}.Debug|Any CPU.ActiveCfg = Debug|Any CPU
		{14BBD111-E209-4602-BC63-670FFDEC9461}.Debug|Any CPU.Build.0 = Debug|Any CPU
		{14BBD111-E209-4602-BC63-670FFDEC9461}.Release|Any CPU.ActiveCfg = Release|Any CPU
		{14BBD111-E209-4602-BC63-670FFDEC9461}.Release|Any CPU.Build.0 = Release|Any CPU
	EndGlobalSection
	GlobalSection(SolutionProperties) = preSolution
		HideSolutionNode = FALSE
	EndGlobalSection
	GlobalSection(NestedProjects) = preSolution
		{A7B1A2A0-8EC4-4BD6-9E22-DD228A7E718B} = {2068B706-2346-4EA9-8D43-4602905E4131}
		{12982C0F-DDF5-49DC-896A-092A36F533A5} = {2068B706-2346-4EA9-8D43-4602905E4131}
		{0EA3813A-2CCD-4F43-9E1C-60B5C9EC7176} = {2068B706-2346-4EA9-8D43-4602905E4131}
		{90BE39A2-8842-475F-82CC-94644B1D2FB5} = {2068B706-2346-4EA9-8D43-4602905E4131}
		{62776650-3703-48C2-9DB8-7E1AE4788CDF} = {2068B706-2346-4EA9-8D43-4602905E4131}
		{6105A604-D070-4D18-AED6-0D5FD03DD2C9} = {12982C0F-DDF5-49DC-896A-092A36F533A5}
		{394BAF39-FE30-4521-8E25-4A7FF87EE604} = {12982C0F-DDF5-49DC-896A-092A36F533A5}
		{A5E9C5F4-5C27-4DDF-AE22-3446875190DA} = {12982C0F-DDF5-49DC-896A-092A36F533A5}
		{EF7A0864-EFD1-4FAB-92B2-71549FA8C655} = {A5E9C5F4-5C27-4DDF-AE22-3446875190DA}
		{79D4782B-9CFF-44A3-BFC7-3D408DF1FF40} = {90BE39A2-8842-475F-82CC-94644B1D2FB5}
		{B7CB3768-B527-4547-9917-4E04ED756335} = {A7B1A2A0-8EC4-4BD6-9E22-DD228A7E718B}
		{0004CA29-2057-46BD-A41E-179CA5549466} = {A7B1A2A0-8EC4-4BD6-9E22-DD228A7E718B}
		{2CC9BECE-1D21-4D14-B50A-E76569398F1A} = {0EA3813A-2CCD-4F43-9E1C-60B5C9EC7176}
		{0B656067-ECE7-4DF4-860B-4D8C18782F88} = {0EA3813A-2CCD-4F43-9E1C-60B5C9EC7176}
		{507B57DB-D638-4842-9916-63580C838446} = {6105A604-D070-4D18-AED6-0D5FD03DD2C9}
		{4591EE5D-1F29-40A1-A340-2B9535EA36B1} = {0EA3813A-2CCD-4F43-9E1C-60B5C9EC7176}
		{0B1F2BE6-BD3D-4E3D-BBB9-7728FC882C1A} = {4591EE5D-1F29-40A1-A340-2B9535EA36B1}
		{95AD606D-C2A6-499E-8438-8600D844D7FD} = {4591EE5D-1F29-40A1-A340-2B9535EA36B1}
		{50BDF5A3-B10B-4DC5-B2CE-48F4098A3B07} = {4591EE5D-1F29-40A1-A340-2B9535EA36B1}
		{67EDF508-7E1C-46BC-A733-E1CB73578315} = {0EA3813A-2CCD-4F43-9E1C-60B5C9EC7176}
		{84881F3E-A53B-4D44-BBB8-2AB8BC4D8D8D} = {A7B1A2A0-8EC4-4BD6-9E22-DD228A7E718B}
		{38372230-2F10-49DF-AD0C-602A4828C461} = {6105A604-D070-4D18-AED6-0D5FD03DD2C9}
		{7221FD23-B58E-4A76-B56D-1D0C4CCB4219} = {A7B1A2A0-8EC4-4BD6-9E22-DD228A7E718B}
		{8A8EA46C-99CE-4FC1-8ABF-F1119385CC09} = {6105A604-D070-4D18-AED6-0D5FD03DD2C9}
		{7E8B8979-E8C3-480F-9F64-24E07406F29D} = {A7B1A2A0-8EC4-4BD6-9E22-DD228A7E718B}
		{ADCEA828-6945-4761-ACFC-B7A36BDF29D9} = {6105A604-D070-4D18-AED6-0D5FD03DD2C9}
		{14BBD111-E209-4602-BC63-670FFDEC9461} = {A7B1A2A0-8EC4-4BD6-9E22-DD228A7E718B}
	EndGlobalSection
	GlobalSection(ExtensibilityGlobals) = postSolution
		SolutionGuid = {D8C0635F-FE64-4F91-8B78-5E65A73CCAC8}
	EndGlobalSection
EndGlobal
